
Microsoft Visual Studio Solution File, Format Version 12.00
# Visual Studio Version 17
VisualStudioVersion = 17.5.002.0
MinimumVisualStudioVersion = 10.0.40219.1
Project("{2150E333-8FDC-42A3-9474-1A3956D46DE8}") = "csharp-prep", "csharp-prep", "{91AF86FD-6BD4-46C2-B2B1-1A53D3BC1602}"
EndProject
Project("{9A19103F-16F7-4668-BE54-9A1E7A4F7556}") = "Prep1", "csharp-prep\Prep1\Prep1.csproj", "{C71E2E22-9488-40DC-BD98-79198CA5D55F}"
EndProject
Project("{9A19103F-16F7-4668-BE54-9A1E7A4F7556}") = "Prep2", "csharp-prep\Prep2\Prep2.csproj", "{9DD95735-71E6-47D7-B124-8A54D3780AA6}"
EndProject
Project("{9A19103F-16F7-4668-BE54-9A1E7A4F7556}") = "Prep3", "csharp-prep\Prep3\Prep3.csproj", "{03E7ECAF-0A9F-4EF5-AF12-16D4D74EA1B7}"
EndProject
Project("{9A19103F-16F7-4668-BE54-9A1E7A4F7556}") = "Prep4", "csharp-prep\Prep4\Prep4.csproj", "{E33BC1DE-167D-4D5F-BE30-C349145FD799}"
EndProject
Project("{9A19103F-16F7-4668-BE54-9A1E7A4F7556}") = "Prep5", "csharp-prep\Prep5\Prep5.csproj", "{13A58CB4-9FD3-4856-832C-E9977CE7C233}"
EndProject
Project("{2150E333-8FDC-42A3-9474-1A3956D46DE8}") = "final", "final", "{AD89842A-C269-4CA1-B81C-2B5163EC68B5}"
EndProject
Project("{9A19103F-16F7-4668-BE54-9A1E7A4F7556}") = "FinalProject", "final\FinalProject\FinalProject.csproj", "{1095B2AA-1B87-4B29-9562-2212E74D3597}"
EndProject
Project("{9A19103F-16F7-4668-BE54-9A1E7A4F7556}") = "Foundation1", "final\Foundation1\Foundation1.csproj", "{103B9D4D-5BA9-4C83-849A-1274CFDBE862}"
EndProject
Project("{9A19103F-16F7-4668-BE54-9A1E7A4F7556}") = "Foundation2", "final\Foundation2\Foundation2.csproj", "{93CBD4E1-9FE5-4A68-AF41-C057C1792937}"
EndProject
Project("{9A19103F-16F7-4668-BE54-9A1E7A4F7556}") = "Foundation3", "final\Foundation3\Foundation3.csproj", "{69D67EEA-A061-4E42-82A0-8F62B3BA6F94}"
EndProject
Project("{9A19103F-16F7-4668-BE54-9A1E7A4F7556}") = "Foundation4", "final\Foundation4\Foundation4.csproj", "{53070091-6DF5-48CB-88FA-5E3C1B433B39}"
EndProject
Project("{2150E333-8FDC-42A3-9474-1A3956D46DE8}") = "prepare", "prepare", "{CDB5C0D5-4DA3-4F64-8E64-B5486146D32E}"
EndProject
Project("{9A19103F-16F7-4668-BE54-9A1E7A4F7556}") = "Learning02", "prepare\Learning02\Learning02.csproj", "{7549E6E0-4CFB-4362-AF19-42CC7A765781}"
EndProject
Project("{9A19103F-16F7-4668-BE54-9A1E7A4F7556}") = "Learning03", "prepare\Learning03\Learning03.csproj", "{856F2DB6-7F0D-4BD4-AA3D-D70AD9797232}"
EndProject
Project("{9A19103F-16F7-4668-BE54-9A1E7A4F7556}") = "Learning04", "prepare\Learning04\Learning04.csproj", "{5CA2E230-3EEA-4B46-A47C-8F2CAA579997}"
EndProject
Project("{9A19103F-16F7-4668-BE54-9A1E7A4F7556}") = "Learning05", "prepare\Learning05\Learning05.csproj", "{70802A82-F7F2-463F-AA99-4B817863B67B}"
EndProject
Project("{2150E333-8FDC-42A3-9474-1A3956D46DE8}") = "prove", "prove", "{2E1EE7CE-E3AB-4B78-B349-A9FB982EF91D}"
EndProject
Project("{9A19103F-16F7-4668-BE54-9A1E7A4F7556}") = "Develop02", "prove\Develop02\Develop02.csproj", "{F5D001FB-0129-40A2-A5D8-71C33416686C}"
EndProject
Project("{9A19103F-16F7-4668-BE54-9A1E7A4F7556}") = "Develop03", "prove\Develop03\Develop03.csproj", "{9887A440-12DE-4923-901D-03F4002B63F5}"
EndProject
Project("{9A19103F-16F7-4668-BE54-9A1E7A4F7556}") = "Develop04", "prove\Develop04\Develop04.csproj", "{9C11FF4D-5C0A-41D5-963A-6A7B2E7EDFC7}"
EndProject
Project("{9A19103F-16F7-4668-BE54-9A1E7A4F7556}") = "Develop05", "prove\Develop05\Develop05.csproj", "{1B86FB3B-54B9-40C3-B019-50FB76ECC7CD}"
EndProject
Project("{2150E333-8FDC-42A3-9474-1A3956D46DE8}") = "sandbox", "sandbox", "{71180E92-F2CE-4A17-AAE0-2E897E270F11}"
EndProject
Project("{9A19103F-16F7-4668-BE54-9A1E7A4F7556}") = "Sandbox", "sandbox\Sandbox\Sandbox.csproj", "{AE830A77-B87E-477A-A140-6607A03EC2DA}"
EndProject
Global
	GlobalSection(SolutionConfigurationPlatforms) = preSolution
		Debug|Any CPU = Debug|Any CPU
		Release|Any CPU = Release|Any CPU
	EndGlobalSection
	GlobalSection(ProjectConfigurationPlatforms) = postSolution
		{C71E2E22-9488-40DC-BD98-79198CA5D55F}.Debug|Any CPU.ActiveCfg = Debug|Any CPU
		{C71E2E22-9488-40DC-BD98-79198CA5D55F}.Debug|Any CPU.Build.0 = Debug|Any CPU
		{C71E2E22-9488-40DC-BD98-79198CA5D55F}.Release|Any CPU.ActiveCfg = Release|Any CPU
		{C71E2E22-9488-40DC-BD98-79198CA5D55F}.Release|Any CPU.Build.0 = Release|Any CPU
		{9DD95735-71E6-47D7-B124-8A54D3780AA6}.Debug|Any CPU.ActiveCfg = Debug|Any CPU
		{9DD95735-71E6-47D7-B124-8A54D3780AA6}.Debug|Any CPU.Build.0 = Debug|Any CPU
		{9DD95735-71E6-47D7-B124-8A54D3780AA6}.Release|Any CPU.ActiveCfg = Release|Any CPU
		{9DD95735-71E6-47D7-B124-8A54D3780AA6}.Release|Any CPU.Build.0 = Release|Any CPU
		{03E7ECAF-0A9F-4EF5-AF12-16D4D74EA1B7}.Debug|Any CPU.ActiveCfg = Debug|Any CPU
		{03E7ECAF-0A9F-4EF5-AF12-16D4D74EA1B7}.Debug|Any CPU.Build.0 = Debug|Any CPU
		{03E7ECAF-0A9F-4EF5-AF12-16D4D74EA1B7}.Release|Any CPU.ActiveCfg = Release|Any CPU
		{03E7ECAF-0A9F-4EF5-AF12-16D4D74EA1B7}.Release|Any CPU.Build.0 = Release|Any CPU
		{E33BC1DE-167D-4D5F-BE30-C349145FD799}.Debug|Any CPU.ActiveCfg = Debug|Any CPU
		{E33BC1DE-167D-4D5F-BE30-C349145FD799}.Debug|Any CPU.Build.0 = Debug|Any CPU
		{E33BC1DE-167D-4D5F-BE30-C349145FD799}.Release|Any CPU.ActiveCfg = Release|Any CPU
		{E33BC1DE-167D-4D5F-BE30-C349145FD799}.Release|Any CPU.Build.0 = Release|Any CPU
		{13A58CB4-9FD3-4856-832C-E9977CE7C233}.Debug|Any CPU.ActiveCfg = Debug|Any CPU
		{13A58CB4-9FD3-4856-832C-E9977CE7C233}.Debug|Any CPU.Build.0 = Debug|Any CPU
		{13A58CB4-9FD3-4856-832C-E9977CE7C233}.Release|Any CPU.ActiveCfg = Release|Any CPU
		{13A58CB4-9FD3-4856-832C-E9977CE7C233}.Release|Any CPU.Build.0 = Release|Any CPU
		{1095B2AA-1B87-4B29-9562-2212E74D3597}.Debug|Any CPU.ActiveCfg = Debug|Any CPU
		{1095B2AA-1B87-4B29-9562-2212E74D3597}.Debug|Any CPU.Build.0 = Debug|Any CPU
		{1095B2AA-1B87-4B29-9562-2212E74D3597}.Release|Any CPU.ActiveCfg = Release|Any CPU
		{1095B2AA-1B87-4B29-9562-2212E74D3597}.Release|Any CPU.Build.0 = Release|Any CPU
		{103B9D4D-5BA9-4C83-849A-1274CFDBE862}.Debug|Any CPU.ActiveCfg = Debug|Any CPU
		{103B9D4D-5BA9-4C83-849A-1274CFDBE862}.Debug|Any CPU.Build.0 = Debug|Any CPU
		{103B9D4D-5BA9-4C83-849A-1274CFDBE862}.Release|Any CPU.ActiveCfg = Release|Any CPU
		{103B9D4D-5BA9-4C83-849A-1274CFDBE862}.Release|Any CPU.Build.0 = Release|Any CPU
		{93CBD4E1-9FE5-4A68-AF41-C057C1792937}.Debug|Any CPU.ActiveCfg = Debug|Any CPU
		{93CBD4E1-9FE5-4A68-AF41-C057C1792937}.Debug|Any CPU.Build.0 = Debug|Any CPU
		{93CBD4E1-9FE5-4A68-AF41-C057C1792937}.Release|Any CPU.ActiveCfg = Release|Any CPU
		{93CBD4E1-9FE5-4A68-AF41-C057C1792937}.Release|Any CPU.Build.0 = Release|Any CPU
		{69D67EEA-A061-4E42-82A0-8F62B3BA6F94}.Debug|Any CPU.ActiveCfg = Debug|Any CPU
		{69D67EEA-A061-4E42-82A0-8F62B3BA6F94}.Debug|Any CPU.Build.0 = Debug|Any CPU
		{69D67EEA-A061-4E42-82A0-8F62B3BA6F94}.Release|Any CPU.ActiveCfg = Release|Any CPU
		{69D67EEA-A061-4E42-82A0-8F62B3BA6F94}.Release|Any CPU.Build.0 = Release|Any CPU
		{53070091-6DF5-48CB-88FA-5E3C1B433B39}.Debug|Any CPU.ActiveCfg = Debug|Any CPU
		{53070091-6DF5-48CB-88FA-5E3C1B433B39}.Debug|Any CPU.Build.0 = Debug|Any CPU
		{53070091-6DF5-48CB-88FA-5E3C1B433B39}.Release|Any CPU.ActiveCfg = Release|Any CPU
		{53070091-6DF5-48CB-88FA-5E3C1B433B39}.Release|Any CPU.Build.0 = Release|Any CPU
		{7549E6E0-4CFB-4362-AF19-42CC7A765781}.Debug|Any CPU.ActiveCfg = Debug|Any CPU
		{7549E6E0-4CFB-4362-AF19-42CC7A765781}.Debug|Any CPU.Build.0 = Debug|Any CPU
		{7549E6E0-4CFB-4362-AF19-42CC7A765781}.Release|Any CPU.ActiveCfg = Release|Any CPU
		{7549E6E0-4CFB-4362-AF19-42CC7A765781}.Release|Any CPU.Build.0 = Release|Any CPU
		{856F2DB6-7F0D-4BD4-AA3D-D70AD9797232}.Debug|Any CPU.ActiveCfg = Debug|Any CPU
		{856F2DB6-7F0D-4BD4-AA3D-D70AD9797232}.Debug|Any CPU.Build.0 = Debug|Any CPU
		{856F2DB6-7F0D-4BD4-AA3D-D70AD9797232}.Release|Any CPU.ActiveCfg = Release|Any CPU
		{856F2DB6-7F0D-4BD4-AA3D-D70AD9797232}.Release|Any CPU.Build.0 = Release|Any CPU
		{5CA2E230-3EEA-4B46-A47C-8F2CAA579997}.Debug|Any CPU.ActiveCfg = Debug|Any CPU
		{5CA2E230-3EEA-4B46-A47C-8F2CAA579997}.Debug|Any CPU.Build.0 = Debug|Any CPU
		{5CA2E230-3EEA-4B46-A47C-8F2CAA579997}.Release|Any CPU.ActiveCfg = Release|Any CPU
		{5CA2E230-3EEA-4B46-A47C-8F2CAA579997}.Release|Any CPU.Build.0 = Release|Any CPU
		{70802A82-F7F2-463F-AA99-4B817863B67B}.Debug|Any CPU.ActiveCfg = Debug|Any CPU
		{70802A82-F7F2-463F-AA99-4B817863B67B}.Debug|Any CPU.Build.0 = Debug|Any CPU
		{70802A82-F7F2-463F-AA99-4B817863B67B}.Release|Any CPU.ActiveCfg = Release|Any CPU
		{70802A82-F7F2-463F-AA99-4B817863B67B}.Release|Any CPU.Build.0 = Release|Any CPU
		{F5D001FB-0129-40A2-A5D8-71C33416686C}.Debug|Any CPU.ActiveCfg = Debug|Any CPU
		{F5D001FB-0129-40A2-A5D8-71C33416686C}.Debug|Any CPU.Build.0 = Debug|Any CPU
		{F5D001FB-0129-40A2-A5D8-71C33416686C}.Release|Any CPU.ActiveCfg = Release|Any CPU
		{F5D001FB-0129-40A2-A5D8-71C33416686C}.Release|Any CPU.Build.0 = Release|Any CPU
		{9887A440-12DE-4923-901D-03F4002B63F5}.Debug|Any CPU.ActiveCfg = Debug|Any CPU
		{9887A440-12DE-4923-901D-03F4002B63F5}.Debug|Any CPU.Build.0 = Debug|Any CPU
		{9887A440-12DE-4923-901D-03F4002B63F5}.Release|Any CPU.ActiveCfg = Release|Any CPU
		{9887A440-12DE-4923-901D-03F4002B63F5}.Release|Any CPU.Build.0 = Release|Any CPU
		{9C11FF4D-5C0A-41D5-963A-6A7B2E7EDFC7}.Debug|Any CPU.ActiveCfg = Debug|Any CPU
		{9C11FF4D-5C0A-41D5-963A-6A7B2E7EDFC7}.Debug|Any CPU.Build.0 = Debug|Any CPU
		{9C11FF4D-5C0A-41D5-963A-6A7B2E7EDFC7}.Release|Any CPU.ActiveCfg = Release|Any CPU
		{9C11FF4D-5C0A-41D5-963A-6A7B2E7EDFC7}.Release|Any CPU.Build.0 = Release|Any CPU
		{1B86FB3B-54B9-40C3-B019-50FB76ECC7CD}.Debug|Any CPU.ActiveCfg = Debug|Any CPU
		{1B86FB3B-54B9-40C3-B019-50FB76ECC7CD}.Debug|Any CPU.Build.0 = Debug|Any CPU
		{1B86FB3B-54B9-40C3-B019-50FB76ECC7CD}.Release|Any CPU.ActiveCfg = Release|Any CPU
		{1B86FB3B-54B9-40C3-B019-50FB76ECC7CD}.Release|Any CPU.Build.0 = Release|Any CPU
		{AE830A77-B87E-477A-A140-6607A03EC2DA}.Debug|Any CPU.ActiveCfg = Debug|Any CPU
		{AE830A77-B87E-477A-A140-6607A03EC2DA}.Debug|Any CPU.Build.0 = Debug|Any CPU
		{AE830A77-B87E-477A-A140-6607A03EC2DA}.Release|Any CPU.ActiveCfg = Release|Any CPU
		{AE830A77-B87E-477A-A140-6607A03EC2DA}.Release|Any CPU.Build.0 = Release|Any CPU
	EndGlobalSection
	GlobalSection(SolutionProperties) = preSolution
		HideSolutionNode = FALSE
	EndGlobalSection
	GlobalSection(NestedProjects) = preSolution
		{C71E2E22-9488-40DC-BD98-79198CA5D55F} = {91AF86FD-6BD4-46C2-B2B1-1A53D3BC1602}
		{9DD95735-71E6-47D7-B124-8A54D3780AA6} = {91AF86FD-6BD4-46C2-B2B1-1A53D3BC1602}
		{03E7ECAF-0A9F-4EF5-AF12-16D4D74EA1B7} = {91AF86FD-6BD4-46C2-B2B1-1A53D3BC1602}
		{E33BC1DE-167D-4D5F-BE30-C349145FD799} = {91AF86FD-6BD4-46C2-B2B1-1A53D3BC1602}
		{13A58CB4-9FD3-4856-832C-E9977CE7C233} = {91AF86FD-6BD4-46C2-B2B1-1A53D3BC1602}
		{1095B2AA-1B87-4B29-9562-2212E74D3597} = {AD89842A-C269-4CA1-B81C-2B5163EC68B5}
		{103B9D4D-5BA9-4C83-849A-1274CFDBE862} = {AD89842A-C269-4CA1-B81C-2B5163EC68B5}
		{93CBD4E1-9FE5-4A68-AF41-C057C1792937} = {AD89842A-C269-4CA1-B81C-2B5163EC68B5}
		{69D67EEA-A061-4E42-82A0-8F62B3BA6F94} = {AD89842A-C269-4CA1-B81C-2B5163EC68B5}
		{53070091-6DF5-48CB-88FA-5E3C1B433B39} = {AD89842A-C269-4CA1-B81C-2B5163EC68B5}
		{7549E6E0-4CFB-4362-AF19-42CC7A765781} = {CDB5C0D5-4DA3-4F64-8E64-B5486146D32E}
		{856F2DB6-7F0D-4BD4-AA3D-D70AD9797232} = {CDB5C0D5-4DA3-4F64-8E64-B5486146D32E}
		{5CA2E230-3EEA-4B46-A47C-8F2CAA579997} = {CDB5C0D5-4DA3-4F64-8E64-B5486146D32E}
		{70802A82-F7F2-463F-AA99-4B817863B67B} = {CDB5C0D5-4DA3-4F64-8E64-B5486146D32E}
		{F5D001FB-0129-40A2-A5D8-71C33416686C} = {2E1EE7CE-E3AB-4B78-B349-A9FB982EF91D}
		{9887A440-12DE-4923-901D-03F4002B63F5} = {2E1EE7CE-E3AB-4B78-B349-A9FB982EF91D}
		{9C11FF4D-5C0A-41D5-963A-6A7B2E7EDFC7} = {2E1EE7CE-E3AB-4B78-B349-A9FB982EF91D}
		{1B86FB3B-54B9-40C3-B019-50FB76ECC7CD} = {2E1EE7CE-E3AB-4B78-B349-A9FB982EF91D}
		{AE830A77-B87E-477A-A140-6607A03EC2DA} = {71180E92-F2CE-4A17-AAE0-2E897E270F11}
	EndGlobalSection
	GlobalSection(ExtensibilityGlobals) = postSolution
		SolutionGuid = {97A2CB41-6041-496F-9F12-43A5EEBF02AB}
	EndGlobalSection
EndGlobal
